
Microsoft Visual Studio Solution File, Format Version 10.00
# Visual Studio 2008
Project("{8BC9CEB8-8B4A-11D0-8D11-00A0C91BC942}") = "YARD", "YARD.vcproj", "{E252250C-077B-4DA1-9485-F5443D1A42DE}"
EndProject
Global
	GlobalSection(SolutionConfigurationPlatforms) = preSolution
		Debug|Win32 = Debug|Win32
		Release|Win32 = Release|Win32
	EndGlobalSection
	GlobalSection(ProjectConfigurationPlatforms) = postSolution
		{E252250C-077B-4DA1-9485-F5443D1A42DE}.Debug|Win32.ActiveCfg = Debug|Win32
		{E252250C-077B-4DA1-9485-F5443D1A42DE}.Debug|Win32.Build.0 = Debug|Win32
		{E252250C-077B-4DA1-9485-F5443D1A42DE}.Release|Win32.ActiveCfg = Release|Win32
		{E252250C-077B-4DA1-9485-F5443D1A42DE}.Release|Win32.Build.0 = Release|Win32
	EndGlobalSection
	GlobalSection(SolutionProperties) = preSolution
		HideSolutionNode = FALSE
	EndGlobalSection
EndGlobal
